
Microsoft Visual Studio Solution File, Format Version 12.00
# Visual Studio Version 17
VisualStudioVersion = 17.14.36221.1 d17.14
MinimumVisualStudioVersion = 10.0.40219.1
Project("{FAE04EC0-301F-11D3-BF4B-00C04F79EFBC}") = "LoginSoapDemo", "LoginSoapDemo\LoginSoapDemo.csproj", "{EBE191D3-B234-49F8-BE19-7B7A17284B6B}"
EndProject
Global
	GlobalSection(SolutionConfigurationPlatforms) = preSolution
		Debug|Any CPU = Debug|Any CPU
		Release|Any CPU = Release|Any CPU
	EndGlobalSection
	GlobalSection(ProjectConfigurationPlatforms) = postSolution
		{EBE191D3-B234-49F8-BE19-7B7A17284B6B}.Debug|Any CPU.ActiveCfg = Debug|Any CPU
		{EBE191D3-B234-49F8-BE19-7B7A17284B6B}.Debug|Any CPU.Build.0 = Debug|Any CPU
		{EBE191D3-B234-49F8-BE19-7B7A17284B6B}.Release|Any CPU.ActiveCfg = Release|Any CPU
		{EBE191D3-B234-49F8-BE19-7B7A17284B6B}.Release|Any CPU.Build.0 = Release|Any CPU
	EndGlobalSection
	GlobalSection(SolutionProperties) = preSolution
		HideSolutionNode = FALSE
	EndGlobalSection
	GlobalSection(ExtensibilityGlobals) = postSolution
		SolutionGuid = {975BDC8C-C7E2-48BB-AC96-DD3C4F5F3AC9}
	EndGlobalSection
EndGlobal
